
Microsoft Visual Studio Solution File, Format Version 12.00
# Visual Studio 15
VisualStudioVersion = 15.0.26124.0
MinimumVisualStudioVersion = 15.0.26124.0
Project("{FAE04EC0-301F-11D3-BF4B-00C04F79EFBC}") = "Domain", "Domain\Domain.csproj", "{1967BA97-9B3A-436B-95D7-F4C792908A11}"
EndProject
Project("{FAE04EC0-301F-11D3-BF4B-00C04F79EFBC}") = "Application", "Application\Application.csproj", "{5A0B1504-D8D4-4A8B-B879-A075A3B16E2A}"
EndProject
Project("{FAE04EC0-301F-11D3-BF4B-00C04F79EFBC}") = "Persistence", "Persistence\Persistence.csproj", "{27BFA6A2-778C-4129-B5F3-27764854A657}"
EndProject
Project("{FAE04EC0-301F-11D3-BF4B-00C04F79EFBC}") = "API", "API\API.csproj", "{844948D1-E694-4B53-B0A2-9C6CD5909FB3}"
EndProject
Global
	GlobalSection(SolutionConfigurationPlatforms) = preSolution
		Debug|Any CPU = Debug|Any CPU
		Debug|x64 = Debug|x64
		Debug|x86 = Debug|x86
		Release|Any CPU = Release|Any CPU
		Release|x64 = Release|x64
		Release|x86 = Release|x86
	EndGlobalSection
	GlobalSection(SolutionProperties) = preSolution
		HideSolutionNode = FALSE
	EndGlobalSection
	GlobalSection(ProjectConfigurationPlatforms) = postSolution
		{1967BA97-9B3A-436B-95D7-F4C792908A11}.Debug|Any CPU.ActiveCfg = Debug|Any CPU
		{1967BA97-9B3A-436B-95D7-F4C792908A11}.Debug|Any CPU.Build.0 = Debug|Any CPU
		{1967BA97-9B3A-436B-95D7-F4C792908A11}.Debug|x64.ActiveCfg = Debug|Any CPU
		{1967BA97-9B3A-436B-95D7-F4C792908A11}.Debug|x64.Build.0 = Debug|Any CPU
		{1967BA97-9B3A-436B-95D7-F4C792908A11}.Debug|x86.ActiveCfg = Debug|Any CPU
		{1967BA97-9B3A-436B-95D7-F4C792908A11}.Debug|x86.Build.0 = Debug|Any CPU
		{1967BA97-9B3A-436B-95D7-F4C792908A11}.Release|Any CPU.ActiveCfg = Release|Any CPU
		{1967BA97-9B3A-436B-95D7-F4C792908A11}.Release|Any CPU.Build.0 = Release|Any CPU
		{1967BA97-9B3A-436B-95D7-F4C792908A11}.Release|x64.ActiveCfg = Release|Any CPU
		{1967BA97-9B3A-436B-95D7-F4C792908A11}.Release|x64.Build.0 = Release|Any CPU
		{1967BA97-9B3A-436B-95D7-F4C792908A11}.Release|x86.ActiveCfg = Release|Any CPU
		{1967BA97-9B3A-436B-95D7-F4C792908A11}.Release|x86.Build.0 = Release|Any CPU
		{5A0B1504-D8D4-4A8B-B879-A075A3B16E2A}.Debug|Any CPU.ActiveCfg = Debug|Any CPU
		{5A0B1504-D8D4-4A8B-B879-A075A3B16E2A}.Debug|Any CPU.Build.0 = Debug|Any CPU
		{5A0B1504-D8D4-4A8B-B879-A075A3B16E2A}.Debug|x64.ActiveCfg = Debug|Any CPU
		{5A0B1504-D8D4-4A8B-B879-A075A3B16E2A}.Debug|x64.Build.0 = Debug|Any CPU
		{5A0B1504-D8D4-4A8B-B879-A075A3B16E2A}.Debug|x86.ActiveCfg = Debug|Any CPU
		{5A0B1504-D8D4-4A8B-B879-A075A3B16E2A}.Debug|x86.Build.0 = Debug|Any CPU
		{5A0B1504-D8D4-4A8B-B879-A075A3B16E2A}.Release|Any CPU.ActiveCfg = Release|Any CPU
		{5A0B1504-D8D4-4A8B-B879-A075A3B16E2A}.Release|Any CPU.Build.0 = Release|Any CPU
		{5A0B1504-D8D4-4A8B-B879-A075A3B16E2A}.Release|x64.ActiveCfg = Release|Any CPU
		{5A0B1504-D8D4-4A8B-B879-A075A3B16E2A}.Release|x64.Build.0 = Release|Any CPU
		{5A0B1504-D8D4-4A8B-B879-A075A3B16E2A}.Release|x86.ActiveCfg = Release|Any CPU
		{5A0B1504-D8D4-4A8B-B879-A075A3B16E2A}.Release|x86.Build.0 = Release|Any CPU
		{27BFA6A2-778C-4129-B5F3-27764854A657}.Debug|Any CPU.ActiveCfg = Debug|Any CPU
		{27BFA6A2-778C-4129-B5F3-27764854A657}.Debug|Any CPU.Build.0 = Debug|Any CPU
		{27BFA6A2-778C-4129-B5F3-27764854A657}.Debug|x64.ActiveCfg = Debug|Any CPU
		{27BFA6A2-778C-4129-B5F3-27764854A657}.Debug|x64.Build.0 = Debug|Any CPU
		{27BFA6A2-778C-4129-B5F3-27764854A657}.Debug|x86.ActiveCfg = Debug|Any CPU
		{27BFA6A2-778C-4129-B5F3-27764854A657}.Debug|x86.Build.0 = Debug|Any CPU
		{27BFA6A2-778C-4129-B5F3-27764854A657}.Release|Any CPU.ActiveCfg = Release|Any CPU
		{27BFA6A2-778C-4129-B5F3-27764854A657}.Release|Any CPU.Build.0 = Release|Any CPU
		{27BFA6A2-778C-4129-B5F3-27764854A657}.Release|x64.ActiveCfg = Release|Any CPU
		{27BFA6A2-778C-4129-B5F3-27764854A657}.Release|x64.Build.0 = Release|Any CPU
		{27BFA6A2-778C-4129-B5F3-27764854A657}.Release|x86.ActiveCfg = Release|Any CPU
		{27BFA6A2-778C-4129-B5F3-27764854A657}.Release|x86.Build.0 = Release|Any CPU
		{844948D1-E694-4B53-B0A2-9C6CD5909FB3}.Debug|Any CPU.ActiveCfg = Debug|Any CPU
		{844948D1-E694-4B53-B0A2-9C6CD5909FB3}.Debug|Any CPU.Build.0 = Debug|Any CPU
		{844948D1-E694-4B53-B0A2-9C6CD5909FB3}.Debug|x64.ActiveCfg = Debug|Any CPU
		{844948D1-E694-4B53-B0A2-9C6CD5909FB3}.Debug|x64.Build.0 = Debug|Any CPU
		{844948D1-E694-4B53-B0A2-9C6CD5909FB3}.Debug|x86.ActiveCfg = Debug|Any CPU
		{844948D1-E694-4B53-B0A2-9C6CD5909FB3}.Debug|x86.Build.0 = Debug|Any CPU
		{844948D1-E694-4B53-B0A2-9C6CD5909FB3}.Release|Any CPU.ActiveCfg = Release|Any CPU
		{844948D1-E694-4B53-B0A2-9C6CD5909FB3}.Release|Any CPU.Build.0 = Release|Any CPU
		{844948D1-E694-4B53-B0A2-9C6CD5909FB3}.Release|x64.ActiveCfg = Release|Any CPU
		{844948D1-E694-4B53-B0A2-9C6CD5909FB3}.Release|x64.Build.0 = Release|Any CPU
		{844948D1-E694-4B53-B0A2-9C6CD5909FB3}.Release|x86.ActiveCfg = Release|Any CPU
		{844948D1-E694-4B53-B0A2-9C6CD5909FB3}.Release|x86.Build.0 = Release|Any CPU
	EndGlobalSection
EndGlobal
